
Microsoft Visual Studio Solution File, Format Version 12.00
# Visual Studio Version 17
VisualStudioVersion = 17.14.36717.8 d17.14
MinimumVisualStudioVersion = 10.0.40219.1
Project("{FAE04EC0-301F-11D3-BF4B-00C04F79EFBC}") = "ConsoleApp340", "ConsoleApp340\ConsoleApp340.csproj", "{56C6D5C6-6D81-4466-B1F8-33FCD9419792}"
EndProject
Global
	GlobalSection(SolutionConfigurationPlatforms) = preSolution
		Debug|Any CPU = Debug|Any CPU
		Release|Any CPU = Release|Any CPU
	EndGlobalSection
	GlobalSection(ProjectConfigurationPlatforms) = postSolution
		{56C6D5C6-6D81-4466-B1F8-33FCD9419792}.Debug|Any CPU.ActiveCfg = Debug|Any CPU
		{56C6D5C6-6D81-4466-B1F8-33FCD9419792}.Debug|Any CPU.Build.0 = Debug|Any CPU
		{56C6D5C6-6D81-4466-B1F8-33FCD9419792}.Release|Any CPU.ActiveCfg = Release|Any CPU
		{56C6D5C6-6D81-4466-B1F8-33FCD9419792}.Release|Any CPU.Build.0 = Release|Any CPU
	EndGlobalSection
	GlobalSection(SolutionProperties) = preSolution
		HideSolutionNode = FALSE
	EndGlobalSection
	GlobalSection(ExtensibilityGlobals) = postSolution
		SolutionGuid = {99CBC97C-06C4-4252-AE51-14686A5946E1}
	EndGlobalSection
EndGlobal
